// !$*UTF8*$!
{
	archiveVersion = 1;
	classes = {
	};
	objectVersion = 46;
	objects = {

/* Begin PBXBuildFile section */
		5E3BBBF41CFB7811003D60BB /* AppDelegate.swift in Sources */ = {isa = PBXBuildFile; fileRef = 5E3BBBF31CFB7811003D60BB /* AppDelegate.swift */; };
		5E3BBBF61CFB7811003D60BB /* ContactImageView.swift in Sources */ = {isa = PBXBuildFile; fileRef = 5E3BBBF51CFB7811003D60BB /* ContactImageView.swift */; };
		5E3BBBF91CFB7812003D60BB /* Main.storyboard in Resources */ = {isa = PBXBuildFile; fileRef = 5E3BBBF71CFB7812003D60BB /* Main.storyboard */; };
		5E3BBBFB1CFB7813003D60BB /* Assets.xcassets in Resources */ = {isa = PBXBuildFile; fileRef = 5E3BBBFA1CFB7813003D60BB /* Assets.xcassets */; };
		5E3BBBFE1CFB7814003D60BB /* LaunchScreen.storyboard in Resources */ = {isa = PBXBuildFile; fileRef = 5E3BBBFC1CFB7814003D60BB /* LaunchScreen.storyboard */; };
		5E3BBC091CFB7857003D60BB /* ContactImageViewTests.swift in Sources */ = {isa = PBXBuildFile; fileRef = 5E3BBC081CFB7857003D60BB /* ContactImageViewTests.swift */; };
		5E3BBC141CFB8C60003D60BB /* Demo.swift in Sources */ = {isa = PBXBuildFile; fileRef = 5E3BBC131CFB8C60003D60BB /* Demo.swift */; };
/* End PBXBuildFile section */

/* Begin PBXContainerItemProxy section */
		5E3BBC051CFB7854003D60BB /* PBXContainerItemProxy */ = {
			isa = PBXContainerItemProxy;
			containerPortal = 5E3BBBE81CFB7810003D60BB /* Project object */;
			proxyType = 1;
			remoteGlobalIDString = 5E3BBBEF1CFB7810003D60BB;
			remoteInfo = ContactImageView;
		};
/* End PBXContainerItemProxy section */

/* Begin PBXFileReference section */
		5E3BBBF01CFB7811003D60BB /* ContactImageView.app */ = {isa = PBXFileReference; explicitFileType = wrapper.application; includeInIndex = 0; path = ContactImageView.app; sourceTree = BUILT_PRODUCTS_DIR; };
		5E3BBBF31CFB7811003D60BB /* AppDelegate.swift */ = {isa = PBXFileReference; lastKnownFileType = sourcecode.swift; path = AppDelegate.swift; sourceTree = "<group>"; };
		5E3BBBF51CFB7811003D60BB /* ContactImageView.swift */ = {isa = PBXFileReference; lastKnownFileType = sourcecode.swift; path = ContactImageView.swift; sourceTree = "<group>"; };
		5E3BBBF81CFB7812003D60BB /* Base */ = {isa = PBXFileReference; lastKnownFileType = file.storyboard; name = Base; path = Base.lproj/Main.storyboard; sourceTree = "<group>"; };
		5E3BBBFA1CFB7813003D60BB /* Assets.xcassets */ = {isa = PBXFileReference; lastKnownFileType = folder.assetcatalog; path = Assets.xcassets; sourceTree = "<group>"; };
		5E3BBBFD1CFB7814003D60BB /* Base */ = {isa = PBXFileReference; lastKnownFileType = file.storyboard; name = Base; path = Base.lproj/LaunchScreen.storyboard; sourceTree = "<group>"; };
		5E3BBBFF1CFB7818003D60BB /* Info.plist */ = {isa = PBXFileReference; lastKnownFileType = text.plist.xml; path = Info.plist; sourceTree = "<group>"; };
		5E3BBC041CFB7854003D60BB /* ContactImageViewTests.xctest */ = {isa = PBXFileReference; explicitFileType = wrapper.cfbundle; includeInIndex = 0; path = ContactImageViewTests.xctest; sourceTree = BUILT_PRODUCTS_DIR; };
		5E3BBC081CFB7857003D60BB /* ContactImageViewTests.swift */ = {isa = PBXFileReference; lastKnownFileType = sourcecode.swift; path = ContactImageViewTests.swift; sourceTree = "<group>"; };
		5E3BBC0A1CFB7857003D60BB /* Info.plist */ = {isa = PBXFileReference; lastKnownFileType = text.plist.xml; path = Info.plist; sourceTree = "<group>"; };
		5E3BBC131CFB8C60003D60BB /* Demo.swift */ = {isa = PBXFileReference; fileEncoding = 4; lastKnownFileType = sourcecode.swift; path = Demo.swift; sourceTree = "<group>"; };
/* End PBXFileReference section */

/* Begin PBXFrameworksBuildPhase section */
		5E3BBBED1CFB7810003D60BB /* Frameworks */ = {
			isa = PBXFrameworksBuildPhase;
			buildActionMask = 2147483647;
			files = (
			);
			runOnlyForDeploymentPostprocessing = 0;
		};
		5E3BBC011CFB7854003D60BB /* Frameworks */ = {
			isa = PBXFrameworksBuildPhase;
			buildActionMask = 2147483647;
			files = (
			);
			runOnlyForDeploymentPostprocessing = 0;
		};
/* End PBXFrameworksBuildPhase section */

/* Begin PBXGroup section */
		5E3BBBE71CFB780F003D60BB = {
			isa = PBXGroup;
			children = (
				5E3BBBF21CFB7811003D60BB /* ContactImageView */,
				5E3BBC071CFB7855003D60BB /* ContactImageViewTests */,
				5E3BBBF11CFB7811003D60BB /* Products */,
			);
			sourceTree = "<group>";
		};
		5E3BBBF11CFB7811003D60BB /* Products */ = {
			isa = PBXGroup;
			children = (
				5E3BBBF01CFB7811003D60BB /* ContactImageView.app */,
				5E3BBC041CFB7854003D60BB /* ContactImageViewTests.xctest */,
			);
			name = Products;
			sourceTree = "<group>";
		};
		5E3BBBF21CFB7811003D60BB /* ContactImageView */ = {
			isa = PBXGroup;
			children = (
				5E3BBBF31CFB7811003D60BB /* AppDelegate.swift */,
				5E3BBBF51CFB7811003D60BB /* ContactImageView.swift */,
				5E3BBC131CFB8C60003D60BB /* Demo.swift */,
				5E3BBBF71CFB7812003D60BB /* Main.storyboard */,
				5E3BBBFA1CFB7813003D60BB /* Assets.xcassets */,
				5E3BBBFC1CFB7814003D60BB /* LaunchScreen.storyboard */,
				5E3BBBFF1CFB7818003D60BB /* Info.plist */,
			);
			path = ContactImageView;
			sourceTree = "<group>";
		};
		5E3BBC071CFB7855003D60BB /* ContactImageViewTests */ = {
			isa = PBXGroup;
			children = (
				5E3BBC081CFB7857003D60BB /* ContactImageViewTests.swift */,
				5E3BBC0A1CFB7857003D60BB /* Info.plist */,
			);
			path = ContactImageViewTests;
			sourceTree = "<group>";
		};
/* End PBXGroup section */

/* Begin PBXNativeTarget section */
		5E3BBBEF1CFB7810003D60BB /* ContactImageView */ = {
			isa = PBXNativeTarget;
			buildConfigurationList = 5E3BBC0D1CFB7857003D60BB /* Build configuration list for PBXNativeTarget "ContactImageView" */;
			buildPhases = (
				5E3BBBEC1CFB7810003D60BB /* Sources */,
				5E3BBBED1CFB7810003D60BB /* Frameworks */,
				5E3BBBEE1CFB7810003D60BB /* Resources */,
			);
			buildRules = (
			);
			dependencies = (
			);
			name = ContactImageView;
			productName = ContactImageView;
			productReference = 5E3BBBF01CFB7811003D60BB /* ContactImageView.app */;
			productType = "com.apple.product-type.application";
		};
		5E3BBC031CFB7854003D60BB /* ContactImageViewTests */ = {
			isa = PBXNativeTarget;
			buildConfigurationList = 5E3BBC101CFB7857003D60BB /* Build configuration list for PBXNativeTarget "ContactImageViewTests" */;
			buildPhases = (
				5E3BBC001CFB7854003D60BB /* Sources */,
				5E3BBC011CFB7854003D60BB /* Frameworks */,
				5E3BBC021CFB7854003D60BB /* Resources */,
			);
			buildRules = (
			);
			dependencies = (
				5E3BBC061CFB7854003D60BB /* PBXTargetDependency */,
			);
			name = ContactImageViewTests;
			productName = ContactImageViewTests;
			productReference = 5E3BBC041CFB7854003D60BB /* ContactImageViewTests.xctest */;
			productType = "com.apple.product-type.bundle.unit-test";
		};
/* End PBXNativeTarget section */

/* Begin PBXProject section */
		5E3BBBE81CFB7810003D60BB /* Project object */ = {
			isa = PBXProject;
			attributes = {
				LastSwiftUpdateCheck = 0730;
				LastUpgradeCheck = 0900;
				ORGANIZATIONNAME = "George Kye";
				TargetAttributes = {
					5E3BBBEF1CFB7810003D60BB = {
						CreatedOnToolsVersion = 7.3;
					};
					5E3BBC031CFB7854003D60BB = {
						CreatedOnToolsVersion = 7.3;
						TestTargetID = 5E3BBBEF1CFB7810003D60BB;
					};
				};
			};
			buildConfigurationList = 5E3BBBEB1CFB7810003D60BB /* Build configuration list for PBXProject "ContactImageView" */;
			compatibilityVersion = "Xcode 3.2";
			developmentRegion = English;
			hasScannedForEncodings = 0;
			knownRegions = (
				en,
				Base,
			);
			mainGroup = 5E3BBBE71CFB780F003D60BB;
			productRefGroup = 5E3BBBF11CFB7811003D60BB /* Products */;
			projectDirPath = "";
			projectRoot = "";
			targets = (
				5E3BBBEF1CFB7810003D60BB /* ContactImageView */,
				5E3BBC031CFB7854003D60BB /* ContactImageViewTests */,
			);
		};
/* End PBXProject section */

/* Begin PBXResourcesBuildPhase section */
		5E3BBBEE1CFB7810003D60BB /* Resources */ = {
			isa = PBXResourcesBuildPhase;
			buildActionMask = 2147483647;
			files = (
				5E3BBBFE1CFB7814003D60BB /* LaunchScreen.storyboard in Resources */,
				5E3BBBFB1CFB7813003D60BB /* Assets.xcassets in Resources */,
				5E3BBBF91CFB7812003D60BB /* Main.storyboard in Resources */,
			);
			runOnlyForDeploymentPostprocessing = 0;
		};
		5E3BBC021CFB7854003D60BB /* Resources */ = {
			isa = PBXResourcesBuildPhase;
			buildActionMask = 2147483647;
			files = (
			);
			runOnlyForDeploymentPostprocessing = 0;
		};
/* End PBXResourcesBuildPhase section */

/* Begin PBXSourcesBuildPhase section */
		5E3BBBEC1CFB7810003D60BB /* Sources */ = {
			isa = PBXSourcesBuildPhase;
			buildActionMask = 2147483647;
			files = (
				5E3BBBF61CFB7811003D60BB /* ContactImageView.swift in Sources */,
				5E3BBBF41CFB7811003D60BB /* AppDelegate.swift in Sources */,
				5E3BBC141CFB8C60003D60BB /* Demo.swift in Sources */,
			);
			runOnlyForDeploymentPostprocessing = 0;
		};
		5E3BBC001CFB7854003D60BB /* Sources */ = {
			isa = PBXSourcesBuildPhase;
			buildActionMask = 2147483647;
			files = (
				5E3BBC091CFB7857003D60BB /* ContactImageViewTests.swift in Sources */,
			);
			runOnlyForDeploymentPostprocessing = 0;
		};
/* End PBXSourcesBuildPhase section */

/* Begin PBXTargetDependency section */
		5E3BBC061CFB7854003D60BB /* PBXTargetDependency */ = {
			isa = PBXTargetDependency;
			target = 5E3BBBEF1CFB7810003D60BB /* ContactImageView */;
			targetProxy = 5E3BBC051CFB7854003D60BB /* PBXContainerItemProxy */;
		};
/* End PBXTargetDependency section */

/* Begin PBXVariantGroup section */
		5E3BBBF71CFB7812003D60BB /* Main.storyboard */ = {
			isa = PBXVariantGroup;
			children = (
				5E3BBBF81CFB7812003D60BB /* Base */,
			);
			name = Main.storyboard;
			sourceTree = "<group>";
		};
		5E3BBBFC1CFB7814003D60BB /* LaunchScreen.storyboard */ = {
			isa = PBXVariantGroup;
			children = (
				5E3BBBFD1CFB7814003D60BB /* Base */,
			);
			name = LaunchScreen.storyboard;
			sourceTree = "<group>";
		};
/* End PBXVariantGroup section */

/* Begin XCBuildConfiguration section */
		5E3BBC0B1CFB7857003D60BB /* Debug */ = {
			isa = XCBuildConfiguration;
			buildSettings = {
				ALWAYS_SEARCH_USER_PATHS = NO;
				CLANG_ANALYZER_NONNULL = YES;
				CLANG_CXX_LANGUAGE_STANDARD = "gnu++0x";
				CLANG_CXX_LIBRARY = "libc++";
				CLANG_ENABLE_MODULES = YES;
				CLANG_ENABLE_OBJC_ARC = YES;
				CLANG_WARN_BLOCK_CAPTURE_AUTORELEASING = YES;
				CLANG_WARN_BOOL_CONVERSION = YES;
				CLANG_WARN_COMMA = YES;
				CLANG_WARN_CONSTANT_CONVERSION = YES;
				CLANG_WARN_DIRECT_OBJC_ISA_USAGE = YES_ERROR;
				CLANG_WARN_EMPTY_BODY = YES;
				CLANG_WARN_ENUM_CONVERSION = YES;
				CLANG_WARN_INFINITE_RECURSION = YES;
				CLANG_WARN_INT_CONVERSION = YES;
				CLANG_WARN_NON_LITERAL_NULL_CONVERSION = YES;
				CLANG_WARN_OBJC_LITERAL_CONVERSION = YES;
				CLANG_WARN_OBJC_ROOT_CLASS = YES_ERROR;
				CLANG_WARN_RANGE_LOOP_ANALYSIS = YES;
				CLANG_WARN_STRICT_PROTOTYPES = YES;
				CLANG_WARN_SUSPICIOUS_MOVE = YES;
				CLANG_WARN_UNREACHABLE_CODE = YES;
				CLANG_WARN__DUPLICATE_METHOD_MATCH = YES;
				"CODE_SIGN_IDENTITY[sdk=iphoneos*]" = "iPhone Developer";
				COPY_PHASE_STRIP = NO;
				DEBUG_INFORMATION_FORMAT = dwarf;
				ENABLE_STRICT_OBJC_MSGSEND = YES;
				ENABLE_TESTABILITY = YES;
				GCC_C_LANGUAGE_STANDARD = gnu99;
				GCC_DYNAMIC_NO_PIC = NO;
				GCC_NO_COMMON_BLOCKS = YES;
				GCC_OPTIMIZATION_LEVEL = 0;
				GCC_PREPROCESSOR_DEFINITIONS = (
					"DEBUG=1",
					"$(inherited)",
				);
				GCC_WARN_64_TO_32_BIT_CONVERSION = YES;
				GCC_WARN_ABOUT_RETURN_TYPE = YES_ERROR;
				GCC_WARN_UNDECLARED_SELECTOR = YES;
				GCC_WARN_UNINITIALIZED_AUTOS = YES_AGGRESSIVE;
				GCC_WARN_UNUSED_FUNCTION = YES;
				GCC_WARN_UNUSED_VARIABLE = YES;
				IPHONEOS_DEPLOYMENT_TARGET = 9.3;
				MTL_ENABLE_DEBUG_INFO = YES;
				ONLY_ACTIVE_ARCH = YES;
				SDKROOT = iphoneos;
				SWIFT_OPTIMIZATION_LEVEL = "-Onone";
				SWIFT_VERSION = 4;
			};
			name = Debug;
		};
		5E3BBC0C1CFB7857003D60BB /* Release */ = {
			isa = XCBuildConfiguration;
			buildSettings = {
				ALWAYS_SEARCH_USER_PATHS = NO;
				CLANG_ANALYZER_NONNULL = YES;
				CLANG_CXX_LANGUAGE_STANDARD = "gnu++0x";
				CLANG_CXX_LIBRARY = "libc++";
				CLANG_ENABLE_MODULES = YES;
				CLANG_ENABLE_OBJC_ARC = YES;
				CLANG_WARN_BLOCK_CAPTURE_AUTORELEASING = YES;
				CLANG_WARN_BOOL_CONVERSION = YES;
				CLANG_WARN_COMMA = YES;
				CLANG_WARN_CONSTANT_CONVERSION = YES;
				CLANG_WARN_DIRECT_OBJC_ISA_USAGE = YES_ERROR;
				CLANG_WARN_EMPTY_BODY = YES;
				CLANG_WARN_ENUM_CONVERSION = YES;
				CLANG_WARN_INFINITE_RECURSION = YES;
				CLANG_WARN_INT_CONVERSION = YES;
				CLANG_WARN_NON_LITERAL_NULL_CONVERSION = YES;
				CLANG_WARN_OBJC_LITERAL_CONVERSION = YES;
				CLANG_WARN_OBJC_ROOT_CLASS = YES_ERROR;
				CLANG_WARN_RANGE_LOOP_ANALYSIS = YES;
				CLANG_WARN_STRICT_PROTOTYPES = YES;
				CLANG_WARN_SUSPICIOUS_MOVE = YES;
				CLANG_WARN_UNREACHABLE_CODE = YES;
				CLANG_WARN__DUPLICATE_METHOD_MATCH = YES;
				"CODE_SIGN_IDENTITY[sdk=iphoneos*]" = "iPhone Developer";
				COPY_PHASE_STRIP = NO;
				DEBUG_INFORMATION_FORMAT = "dwarf-with-dsym";
				ENABLE_NS_ASSERTIONS = NO;
				ENABLE_STRICT_OBJC_MSGSEND = YES;
				GCC_C_LANGUAGE_STANDARD = gnu99;
				GCC_NO_COMMON_BLOCKS = YES;
				GCC_WARN_64_TO_32_BIT_CONVERSION = YES;
				GCC_WARN_ABOUT_RETURN_TYPE = YES_ERROR;
				GCC_WARN_UNDECLARED_SELECTOR = YES;
				GCC_WARN_UNINITIALIZED_AUTOS = YES_AGGRESSIVE;
				GCC_WARN_UNUSED_FUNCTION = YES;
				GCC_WARN_UNUSED_VARIABLE = YES;
				IPHONEOS_DEPLOYMENT_TARGET = 9.3;
				MTL_ENABLE_DEBUG_INFO = NO;
				SDKROOT = iphoneos;
				SWIFT_OPTIMIZATION_LEVEL = "-Owholemodule";
				SWIFT_VERSION = 4;
				VALIDATE_PRODUCT = YES;
			};
			name = Release;
		};
		5E3BBC0E1CFB7857003D60BB /* Debug */ = {
			isa = XCBuildConfiguration;
			buildSettings = {
				ASSETCATALOG_COMPILER_APPICON_NAME = AppIcon;
				INFOPLIST_FILE = ContactImageView/Info.plist;
				LD_RUNPATH_SEARCH_PATHS = "$(inherited) @executable_path/Frameworks";
				PRODUCT_BUNDLE_IDENTIFIER = GeorgeKye.ContactImageView;
				PRODUCT_NAME = "$(TARGET_NAME)";
			};
			name = Debug;
		};
		5E3BBC0F1CFB7857003D60BB /* Release */ = {
			isa = XCBuildConfiguration;
			buildSettings = {
				ASSETCATALOG_COMPILER_APPICON_NAME = AppIcon;
				INFOPLIST_FILE = ContactImageView/Info.plist;
				LD_RUNPATH_SEARCH_PATHS = "$(inherited) @executable_path/Frameworks";
				PRODUCT_BUNDLE_IDENTIFIER = GeorgeKye.ContactImageView;
				PRODUCT_NAME = "$(TARGET_NAME)";
			};
			name = Release;
		};
		5E3BBC111CFB7857003D60BB /* Debug */ = {
			isa = XCBuildConfiguration;
			buildSettings = {
				BUNDLE_LOADER = "$(TEST_HOST)";
				INFOPLIST_FILE = ContactImageViewTests/Info.plist;
				LD_RUNPATH_SEARCH_PATHS = "$(inherited) @executable_path/Frameworks @loader_path/Frameworks";
				PRODUCT_BUNDLE_IDENTIFIER = GeorgeKye.ContactImageViewTests;
				PRODUCT_NAME = "$(TARGET_NAME)";
				TEST_HOST = "$(BUILT_PRODUCTS_DIR)/ContactImageView.app/ContactImageView";
			};
			name = Debug;
		};
		5E3BBC121CFB7857003D60BB /* Release */ = {
			isa = XCBuildConfiguration;
			buildSettings = {
				BUNDLE_LOADER = "$(TEST_HOST)";
				INFOPLIST_FILE = ContactImageViewTests/Info.plist;
				LD_RUNPATH_SEARCH_PATHS = "$(inherited) @executable_path/Frameworks @loader_path/Frameworks";
				PRODUCT_BUNDLE_IDENTIFIER = GeorgeKye.ContactImageViewTests;
				PRODUCT_NAME = "$(TARGET_NAME)";
				TEST_HOST = "$(BUILT_PRODUCTS_DIR)/ContactImageView.app/ContactImageView";
			};
			name = Release;
		};
/* End XCBuildConfiguration section */

/* Begin XCConfigurationList section */
		5E3BBBEB1CFB7810003D60BB /* Build configuration list for PBXProject "ContactImageView" */ = {
			isa = XCConfigurationList;
			buildConfigurations = (
				5E3BBC0B1CFB7857003D60BB /* Debug */,
				5E3BBC0C1CFB7857003D60BB /* Release */,
			);
			defaultConfigurationIsVisible = 0;
			defaultConfigurationName = Release;
		};
		5E3BBC0D1CFB7857003D60BB /* Build configuration list for PBXNativeTarget "ContactImageView" */ = {
			isa = XCConfigurationList;
			buildConfigurations = (
				5E3BBC0E1CFB7857003D60BB /* Debug */,
				5E3BBC0F1CFB7857003D60BB /* Release */,
			);
			defaultConfigurationIsVisible = 0;
			defaultConfigurationName = Release;
		};
		5E3BBC101CFB7857003D60BB /* Build configuration list for PBXNativeTarget "ContactImageViewTests" */ = {
			isa = XCConfigurationList;
			buildConfigurations = (
				5E3BBC111CFB7857003D60BB /* Debug */,
				5E3BBC121CFB7857003D60BB /* Release */,
			);
			defaultConfigurationIsVisible = 0;
			defaultConfigurationName = Release;
		};
/* End XCConfigurationList section */
	};
	rootObject = 5E3BBBE81CFB7810003D60BB /* Project object */;
}
